
Microsoft Visual Studio Solution File, Format Version 12.00
# Visual Studio Version 17
VisualStudioVersion = 17.7.34024.191
MinimumVisualStudioVersion = 10.0.40219.1
Project("{FAE04EC0-301F-11D3-BF4B-00C04F79EFBC}") = "Exercicio_Hash", "Exercicio_Hash\Exercicio_Hash.csproj", "{18A7E95A-EC30-48A3-9FA5-8707B1B7EA58}"
EndProject
Global
	GlobalSection(SolutionConfigurationPlatforms) = preSolution
		Debug|Any CPU = Debug|Any CPU
		Release|Any CPU = Release|Any CPU
	EndGlobalSection
	GlobalSection(ProjectConfigurationPlatforms) = postSolution
		{18A7E95A-EC30-48A3-9FA5-8707B1B7EA58}.Debug|Any CPU.ActiveCfg = Debug|Any CPU
		{18A7E95A-EC30-48A3-9FA5-8707B1B7EA58}.Debug|Any CPU.Build.0 = Debug|Any CPU
		{18A7E95A-EC30-48A3-9FA5-8707B1B7EA58}.Release|Any CPU.ActiveCfg = Release|Any CPU
		{18A7E95A-EC30-48A3-9FA5-8707B1B7EA58}.Release|Any CPU.Build.0 = Release|Any CPU
	EndGlobalSection
	GlobalSection(SolutionProperties) = preSolution
		HideSolutionNode = FALSE
	EndGlobalSection
	GlobalSection(ExtensibilityGlobals) = postSolution
		SolutionGuid = {A08B68D9-F32E-4124-B6C4-0A80A7B3232F}
	EndGlobalSection
EndGlobal
